// !$*UTF8*$!
{
	archiveVersion = 1;
	classes = {
	};
	objectVersion = 46;
	objects = {

/* Begin PBXBuildFile section */
		DF8584CC1B507AA100266FAB /* AppDelegate.swift in Sources */ = {isa = PBXBuildFile; fileRef = DF8584CB1B507AA100266FAB /* AppDelegate.swift */; };
		DF8584CE1B507AA100266FAB /* ViewController.swift in Sources */ = {isa = PBXBuildFile; fileRef = DF8584CD1B507AA100266FAB /* ViewController.swift */; };
		DF8584D11B507AA100266FAB /* Main.storyboard in Resources */ = {isa = PBXBuildFile; fileRef = DF8584CF1B507AA100266FAB /* Main.storyboard */; };
		DF8584D31B507AA100266FAB /* Images.xcassets in Resources */ = {isa = PBXBuildFile; fileRef = DF8584D21B507AA100266FAB /* Images.xcassets */; };
		DF8584D61B507AA100266FAB /* LaunchScreen.xib in Resources */ = {isa = PBXBuildFile; fileRef = DF8584D41B507AA100266FAB /* LaunchScreen.xib */; };
		DF8584E21B507AA100266FAB /* TipCalTests.swift in Sources */ = {isa = PBXBuildFile; fileRef = DF8584E11B507AA100266FAB /* TipCalTests.swift */; };
/* End PBXBuildFile section */

/* Begin PBXContainerItemProxy section */
		DF8584DC1B507AA100266FAB /* PBXContainerItemProxy */ = {
			isa = PBXContainerItemProxy;
			containerPortal = DF8584BE1B507AA100266FAB /* Project object */;
			proxyType = 1;
			remoteGlobalIDString = DF8584C51B507AA100266FAB;
			remoteInfo = TipCal;
		};
/* End PBXContainerItemProxy section */

/* Begin PBXFileReference section */
		DF8584C61B507AA100266FAB /* TipCal.app */ = {isa = PBXFileReference; explicitFileType = wrapper.application; includeInIndex = 0; path = TipCal.app; sourceTree = BUILT_PRODUCTS_DIR; };
		DF8584CA1B507AA100266FAB /* Info.plist */ = {isa = PBXFileReference; lastKnownFileType = text.plist.xml; path = Info.plist; sourceTree = "<group>"; };
		DF8584CB1B507AA100266FAB /* AppDelegate.swift */ = {isa = PBXFileReference; lastKnownFileType = sourcecode.swift; path = AppDelegate.swift; sourceTree = "<group>"; };
		DF8584CD1B507AA100266FAB /* ViewController.swift */ = {isa = PBXFileReference; lastKnownFileType = sourcecode.swift; path = ViewController.swift; sourceTree = "<group>"; };
		DF8584D01B507AA100266FAB /* Base */ = {isa = PBXFileReference; lastKnownFileType = file.storyboard; name = Base; path = Base.lproj/Main.storyboard; sourceTree = "<group>"; };
		DF8584D21B507AA100266FAB /* Images.xcassets */ = {isa = PBXFileReference; lastKnownFileType = folder.assetcatalog; path = Images.xcassets; sourceTree = "<group>"; };
		DF8584D51B507AA100266FAB /* Base */ = {isa = PBXFileReference; lastKnownFileType = file.xib; name = Base; path = Base.lproj/LaunchScreen.xib; sourceTree = "<group>"; };
		DF8584DB1B507AA100266FAB /* TipCalTests.xctest */ = {isa = PBXFileReference; explicitFileType = wrapper.cfbundle; includeInIndex = 0; path = TipCalTests.xctest; sourceTree = BUILT_PRODUCTS_DIR; };
		DF8584E01B507AA100266FAB /* Info.plist */ = {isa = PBXFileReference; lastKnownFileType = text.plist.xml; path = Info.plist; sourceTree = "<group>"; };
		DF8584E11B507AA100266FAB /* TipCalTests.swift */ = {isa = PBXFileReference; lastKnownFileType = sourcecode.swift; path = TipCalTests.swift; sourceTree = "<group>"; };
/* End PBXFileReference section */

/* Begin PBXFrameworksBuildPhase section */
		DF8584C31B507AA100266FAB /* Frameworks */ = {
			isa = PBXFrameworksBuildPhase;
			buildActionMask = 2147483647;
			files = (
			);
			runOnlyForDeploymentPostprocessing = 0;
		};
		DF8584D81B507AA100266FAB /* Frameworks */ = {
			isa = PBXFrameworksBuildPhase;
			buildActionMask = 2147483647;
			files = (
			);
			runOnlyForDeploymentPostprocessing = 0;
		};
/* End PBXFrameworksBuildPhase section */

/* Begin PBXGroup section */
		DF8584BD1B507AA100266FAB = {
			isa = PBXGroup;
			children = (
				DF8584C81B507AA100266FAB /* TipCal */,
				DF8584DE1B507AA100266FAB /* TipCalTests */,
				DF8584C71B507AA100266FAB /* Products */,
			);
			sourceTree = "<group>";
		};
		DF8584C71B507AA100266FAB /* Products */ = {
			isa = PBXGroup;
			children = (
				DF8584C61B507AA100266FAB /* TipCal.app */,
				DF8584DB1B507AA100266FAB /* TipCalTests.xctest */,
			);
			name = Products;
			sourceTree = "<group>";
		};
		DF8584C81B507AA100266FAB /* TipCal */ = {
			isa = PBXGroup;
			children = (
				DF8584CB1B507AA100266FAB /* AppDelegate.swift */,
				DF8584CD1B507AA100266FAB /* ViewController.swift */,
				DF8584CF1B507AA100266FAB /* Main.storyboard */,
				DF8584D21B507AA100266FAB /* Images.xcassets */,
				DF8584D41B507AA100266FAB /* LaunchScreen.xib */,
				DF8584C91B507AA100266FAB /* Supporting Files */,
			);
			path = TipCal;
			sourceTree = "<group>";
		};
		DF8584C91B507AA100266FAB /* Supporting Files */ = {
			isa = PBXGroup;
			children = (
				DF8584CA1B507AA100266FAB /* Info.plist */,
			);
			name = "Supporting Files";
			sourceTree = "<group>";
		};
		DF8584DE1B507AA100266FAB /* TipCalTests */ = {
			isa = PBXGroup;
			children = (
				DF8584E11B507AA100266FAB /* TipCalTests.swift */,
				DF8584DF1B507AA100266FAB /* Supporting Files */,
			);
			path = TipCalTests;
			sourceTree = "<group>";
		};
		DF8584DF1B507AA100266FAB /* Supporting Files */ = {
			isa = PBXGroup;
			children = (
				DF8584E01B507AA100266FAB /* Info.plist */,
			);
			name = "Supporting Files";
			sourceTree = "<group>";
		};
/* End PBXGroup section */

/* Begin PBXNativeTarget section */
		DF8584C51B507AA100266FAB /* TipCal */ = {
			isa = PBXNativeTarget;
			buildConfigurationList = DF8584E51B507AA100266FAB /* Build configuration list for PBXNativeTarget "TipCal" */;
			buildPhases = (
				DF8584C21B507AA100266FAB /* Sources */,
				DF8584C31B507AA100266FAB /* Frameworks */,
				DF8584C41B507AA100266FAB /* Resources */,
			);
			buildRules = (
			);
			dependencies = (
			);
			name = TipCal;
			productName = TipCal;
			productReference = DF8584C61B507AA100266FAB /* TipCal.app */;
			productType = "com.apple.product-type.application";
		};
		DF8584DA1B507AA100266FAB /* TipCalTests */ = {
			isa = PBXNativeTarget;
			buildConfigurationList = DF8584E81B507AA100266FAB /* Build configuration list for PBXNativeTarget "TipCalTests" */;
			buildPhases = (
				DF8584D71B507AA100266FAB /* Sources */,
				DF8584D81B507AA100266FAB /* Frameworks */,
				DF8584D91B507AA100266FAB /* Resources */,
			);
			buildRules = (
			);
			dependencies = (
				DF8584DD1B507AA100266FAB /* PBXTargetDependency */,
			);
			name = TipCalTests;
			productName = TipCalTests;
			productReference = DF8584DB1B507AA100266FAB /* TipCalTests.xctest */;
			productType = "com.apple.product-type.bundle.unit-test";
		};
/* End PBXNativeTarget section */

/* Begin PBXProject section */
		DF8584BE1B507AA100266FAB /* Project object */ = {
			isa = PBXProject;
			attributes = {
				LastUpgradeCheck = 0640;
				ORGANIZATIONNAME = Pacific3;
				TargetAttributes = {
					DF8584C51B507AA100266FAB = {
						CreatedOnToolsVersion = 6.4;
					};
					DF8584DA1B507AA100266FAB = {
						CreatedOnToolsVersion = 6.4;
						TestTargetID = DF8584C51B507AA100266FAB;
					};
				};
			};
			buildConfigurationList = DF8584C11B507AA100266FAB /* Build configuration list for PBXProject "TipCal" */;
			compatibilityVersion = "Xcode 3.2";
			developmentRegion = English;
			hasScannedForEncodings = 0;
			knownRegions = (
				en,
				Base,
			);
			mainGroup = DF8584BD1B507AA100266FAB;
			productRefGroup = DF8584C71B507AA100266FAB /* Products */;
			projectDirPath = "";
			projectRoot = "";
			targets = (
				DF8584C51B507AA100266FAB /* TipCal */,
				DF8584DA1B507AA100266FAB /* TipCalTests */,
			);
		};
/* End PBXProject section */

/* Begin PBXResourcesBuildPhase section */
		DF8584C41B507AA100266FAB /* Resources */ = {
			isa = PBXResourcesBuildPhase;
			buildActionMask = 2147483647;
			files = (
				DF8584D11B507AA100266FAB /* Main.storyboard in Resources */,
				DF8584D61B507AA100266FAB /* LaunchScreen.xib in Resources */,
				DF8584D31B507AA100266FAB /* Images.xcassets in Resources */,
			);
			runOnlyForDeploymentPostprocessing = 0;
		};
		DF8584D91B507AA100266FAB /* Resources */ = {
			isa = PBXResourcesBuildPhase;
			buildActionMask = 2147483647;
			files = (
			);
			runOnlyForDeploymentPostprocessing = 0;
		};
/* End PBXResourcesBuildPhase section */

/* Begin PBXSourcesBuildPhase section */
		DF8584C21B507AA100266FAB /* Sources */ = {
			isa = PBXSourcesBuildPhase;
			buildActionMask = 2147483647;
			files = (
				DF8584CE1B507AA100266FAB /* ViewController.swift in Sources */,
				DF8584CC1B507AA100266FAB /* AppDelegate.swift in Sources */,
			);
			runOnlyForDeploymentPostprocessing = 0;
		};
		DF8584D71B507AA100266FAB /* Sources */ = {
			isa = PBXSourcesBuildPhase;
			buildActionMask = 2147483647;
			files = (
				DF8584E21B507AA100266FAB /* TipCalTests.swift in Sources */,
			);
			runOnlyForDeploymentPostprocessing = 0;
		};
/* End PBXSourcesBuildPhase section */

/* Begin PBXTargetDependency section */
		DF8584DD1B507AA100266FAB /* PBXTargetDependency */ = {
			isa = PBXTargetDependency;
			target = DF8584C51B507AA100266FAB /* TipCal */;
			targetProxy = DF8584DC1B507AA100266FAB /* PBXContainerItemProxy */;
		};
/* End PBXTargetDependency section */

/* Begin PBXVariantGroup section */
		DF8584CF1B507AA100266FAB /* Main.storyboard */ = {
			isa = PBXVariantGroup;
			children = (
				DF8584D01B507AA100266FAB /* Base */,
			);
			name = Main.storyboard;
			sourceTree = "<group>";
		};
		DF8584D41B507AA100266FAB /* LaunchScreen.xib */ = {
			isa = PBXVariantGroup;
			children = (
				DF8584D51B507AA100266FAB /* Base */,
			);
			name = LaunchScreen.xib;
			sourceTree = "<group>";
		};
/* End PBXVariantGroup section */

/* Begin XCBuildConfiguration section */
		DF8584E31B507AA100266FAB /* Debug */ = {
			isa = XCBuildConfiguration;
			buildSettings = {
				ALWAYS_SEARCH_USER_PATHS = NO;
				CLANG_CXX_LANGUAGE_STANDARD = "gnu++0x";
				CLANG_CXX_LIBRARY = "libc++";
				CLANG_ENABLE_MODULES = YES;
				CLANG_ENABLE_OBJC_ARC = YES;
				CLANG_WARN_BOOL_CONVERSION = YES;
				CLANG_WARN_CONSTANT_CONVERSION = YES;
				CLANG_WARN_DIRECT_OBJC_ISA_USAGE = YES_ERROR;
				CLANG_WARN_EMPTY_BODY = YES;
				CLANG_WARN_ENUM_CONVERSION = YES;
				CLANG_WARN_INT_CONVERSION = YES;
				CLANG_WARN_OBJC_ROOT_CLASS = YES_ERROR;
				CLANG_WARN_UNREACHABLE_CODE = YES;
				CLANG_WARN__DUPLICATE_METHOD_MATCH = YES;
				"CODE_SIGN_IDENTITY[sdk=iphoneos*]" = "iPhone Developer";
				COPY_PHASE_STRIP = NO;
				DEBUG_INFORMATION_FORMAT = "dwarf-with-dsym";
				ENABLE_STRICT_OBJC_MSGSEND = YES;
				GCC_C_LANGUAGE_STANDARD = gnu99;
				GCC_DYNAMIC_NO_PIC = NO;
				GCC_NO_COMMON_BLOCKS = YES;
				GCC_OPTIMIZATION_LEVEL = 0;
				GCC_PREPROCESSOR_DEFINITIONS = (
					"DEBUG=1",
					"$(inherited)",
				);
				GCC_SYMBOLS_PRIVATE_EXTERN = NO;
				GCC_WARN_64_TO_32_BIT_CONVERSION = YES;
				GCC_WARN_ABOUT_RETURN_TYPE = YES_ERROR;
				GCC_WARN_UNDECLARED_SELECTOR = YES;
				GCC_WARN_UNINITIALIZED_AUTOS = YES_AGGRESSIVE;
				GCC_WARN_UNUSED_FUNCTION = YES;
				GCC_WARN_UNUSED_VARIABLE = YES;
				IPHONEOS_DEPLOYMENT_TARGET = 8.4;
				MTL_ENABLE_DEBUG_INFO = YES;
				ONLY_ACTIVE_ARCH = YES;
				SDKROOT = iphoneos;
				SWIFT_OPTIMIZATION_LEVEL = "-Onone";
			};
			name = Debug;
		};
		DF8584E41B507AA100266FAB /* Release */ = {
			isa = XCBuildConfiguration;
			buildSettings = {
				ALWAYS_SEARCH_USER_PATHS = NO;
				CLANG_CXX_LANGUAGE_STANDARD = "gnu++0x";
				CLANG_CXX_LIBRARY = "libc++";
				CLANG_ENABLE_MODULES = YES;
				CLANG_ENABLE_OBJC_ARC = YES;
				CLANG_WARN_BOOL_CONVERSION = YES;
				CLANG_WARN_CONSTANT_CONVERSION = YES;
				CLANG_WARN_DIRECT_OBJC_ISA_USAGE = YES_ERROR;
				CLANG_WARN_EMPTY_BODY = YES;
				CLANG_WARN_ENUM_CONVERSION = YES;
				CLANG_WARN_INT_CONVERSION = YES;
				CLANG_WARN_OBJC_ROOT_CLASS = YES_ERROR;
				CLANG_WARN_UNREACHABLE_CODE = YES;
				CLANG_WARN__DUPLICATE_METHOD_MATCH = YES;
				"CODE_SIGN_IDENTITY[sdk=iphoneos*]" = "iPhone Developer";
				COPY_PHASE_STRIP = NO;
				DEBUG_INFORMATION_FORMAT = "dwarf-with-dsym";
				ENABLE_NS_ASSERTIONS = NO;
				ENABLE_STRICT_OBJC_MSGSEND = YES;
				GCC_C_LANGUAGE_STANDARD = gnu99;
				GCC_NO_COMMON_BLOCKS = YES;
				GCC_WARN_64_TO_32_BIT_CONVERSION = YES;
				GCC_WARN_ABOUT_RETURN_TYPE = YES_ERROR;
				GCC_WARN_UNDECLARED_SELECTOR = YES;
				GCC_WARN_UNINITIALIZED_AUTOS = YES_AGGRESSIVE;
				GCC_WARN_UNUSED_FUNCTION = YES;
				GCC_WARN_UNUSED_VARIABLE = YES;
				IPHONEOS_DEPLOYMENT_TARGET = 8.4;
				MTL_ENABLE_DEBUG_INFO = NO;
				SDKROOT = iphoneos;
				VALIDATE_PRODUCT = YES;
			};
			name = Release;
		};
		DF8584E61B507AA100266FAB /* Debug */ = {
			isa = XCBuildConfiguration;
			buildSettings = {
				ASSETCATALOG_COMPILER_APPICON_NAME = AppIcon;
				INFOPLIST_FILE = TipCal/Info.plist;
				LD_RUNPATH_SEARCH_PATHS = "$(inherited) @executable_path/Frameworks";
				PRODUCT_NAME = "$(TARGET_NAME)";
			};
			name = Debug;
		};
		DF8584E71B507AA100266FAB /* Release */ = {
			isa = XCBuildConfiguration;
			buildSettings = {
				ASSETCATALOG_COMPILER_APPICON_NAME = AppIcon;
				INFOPLIST_FILE = TipCal/Info.plist;
				LD_RUNPATH_SEARCH_PATHS = "$(inherited) @executable_path/Frameworks";
				PRODUCT_NAME = "$(TARGET_NAME)";
			};
			name = Release;
		};
		DF8584E91B507AA100266FAB /* Debug */ = {
			isa = XCBuildConfiguration;
			buildSettings = {
				BUNDLE_LOADER = "$(TEST_HOST)";
				FRAMEWORK_SEARCH_PATHS = (
					"$(SDKROOT)/Developer/Library/Frameworks",
					"$(inherited)",
				);
				GCC_PREPROCESSOR_DEFINITIONS = (
					"DEBUG=1",
					"$(inherited)",
				);
				INFOPLIST_FILE = TipCalTests/Info.plist;
				LD_RUNPATH_SEARCH_PATHS = "$(inherited) @executable_path/Frameworks @loader_path/Frameworks";
				PRODUCT_NAME = "$(TARGET_NAME)";
				TEST_HOST = "$(BUILT_PRODUCTS_DIR)/TipCal.app/TipCal";
			};
			name = Debug;
		};
		DF8584EA1B507AA100266FAB /* Release */ = {
			isa = XCBuildConfiguration;
			buildSettings = {
				BUNDLE_LOADER = "$(TEST_HOST)";
				FRAMEWORK_SEARCH_PATHS = (
					"$(SDKROOT)/Developer/Library/Frameworks",
					"$(inherited)",
				);
				INFOPLIST_FILE = TipCalTests/Info.plist;
				LD_RUNPATH_SEARCH_PATHS = "$(inherited) @executable_path/Frameworks @loader_path/Frameworks";
				PRODUCT_NAME = "$(TARGET_NAME)";
				TEST_HOST = "$(BUILT_PRODUCTS_DIR)/TipCal.app/TipCal";
			};
			name = Release;
		};
/* End XCBuildConfiguration section */

/* Begin XCConfigurationList section */
		DF8584C11B507AA100266FAB /* Build configuration list for PBXProject "TipCal" */ = {
			isa = XCConfigurationList;
			buildConfigurations = (
				DF8584E31B507AA100266FAB /* Debug */,
				DF8584E41B507AA100266FAB /* Release */,
			);
			defaultConfigurationIsVisible = 0;
			defaultConfigurationName = Release;
		};
		DF8584E51B507AA100266FAB /* Build configuration list for PBXNativeTarget "TipCal" */ = {
			isa = XCConfigurationList;
			buildConfigurations = (
				DF8584E61B507AA100266FAB /* Debug */,
				DF8584E71B507AA100266FAB /* Release */,
			);
			defaultConfigurationIsVisible = 0;
		};
		DF8584E81B507AA100266FAB /* Build configuration list for PBXNativeTarget "TipCalTests" */ = {
			isa = XCConfigurationList;
			buildConfigurations = (
				DF8584E91B507AA100266FAB /* Debug */,
				DF8584EA1B507AA100266FAB /* Release */,
			);
			defaultConfigurationIsVisible = 0;
		};
/* End XCConfigurationList section */
	};
	rootObject = DF8584BE1B507AA100266FAB /* Project object */;
}
